
Microsoft Visual Studio Solution File, Format Version 12.00
# Visual Studio Version 16
VisualStudioVersion = 16.0.31605.320
MinimumVisualStudioVersion = 10.0.40219.1
Project("{9A19103F-16F7-4668-BE54-9A1E7A4F7556}") = "CodeHero.LowerOrHigherYouTube.Application", "CodeHero.LowerOrHigherYouTube.Application\CodeHero.LowerOrHigherYouTube.Application.csproj", "{0412416C-6A41-4C55-B75B-0783D6420756}"
EndProject
Project("{9A19103F-16F7-4668-BE54-9A1E7A4F7556}") = "CodeHero.LowerOrHigherYouTube.Core", "CodeHero.LowerOrHigherYouTube.Core\CodeHero.LowerOrHigherYouTube.Core.csproj", "{3525D959-42C7-4AFE-9561-4FA613BA7614}"
EndProject
Project("{9A19103F-16F7-4668-BE54-9A1E7A4F7556}") = "CodeHero.LowerOrHigherYouTube.Database", "CodeHero.LowerOrHigherYouTube.Database\CodeHero.LowerOrHigherYouTube.Database.csproj", "{F828E98E-E47B-40E2-B7F8-87AC9C28EA57}"
EndProject
Project("{2150E333-8FDC-42A3-9474-1A3956D46DE8}") = "Infrastructure", "Infrastructure", "{7840F9CB-7158-4A75-91E8-0615D946C2BC}"
EndProject
Project("{9A19103F-16F7-4668-BE54-9A1E7A4F7556}") = "CodeHero.LowerOrHigherYouTube.Migrations.PostgreSql", "CodeHero.LowerOrHigherYouTube.Migrations.PostgreSql\CodeHero.LowerOrHigherYouTube.Migrations.PostgreSql.csproj", "{BA51D392-1585-4731-9A60-19BFC505598F}"
EndProject
Project("{9A19103F-16F7-4668-BE54-9A1E7A4F7556}") = "CodeHero.LowerOrHigherYouTube.VideoFetcher", "CodeHero.LowerOrHigherYouTube.VideoFetcher\CodeHero.LowerOrHigherYouTube.VideoFetcher.csproj", "{7C6959AE-0B77-4EE1-A0A7-7C69AE750FC1}"
EndProject
Project("{9A19103F-16F7-4668-BE54-9A1E7A4F7556}") = "CodeHero.LowerOrHigherYouTube.API", "CodeHero.LowerOrHigherYouTube.API\CodeHero.LowerOrHigherYouTube.API.csproj", "{6AE84EE7-5C1E-4798-8876-51E2680E4BA0}"
EndProject
Project("{E53339B2-1760-4266-BCC7-CA923CBCF16C}") = "docker-compose", "docker-compose.dcproj", "{4CB1FCE3-21FB-42D4-8A34-739CFBD2A482}"
EndProject
Global
	GlobalSection(SolutionConfigurationPlatforms) = preSolution
		Debug|Any CPU = Debug|Any CPU
		Release|Any CPU = Release|Any CPU
	EndGlobalSection
	GlobalSection(ProjectConfigurationPlatforms) = postSolution
		{0412416C-6A41-4C55-B75B-0783D6420756}.Debug|Any CPU.ActiveCfg = Debug|Any CPU
		{0412416C-6A41-4C55-B75B-0783D6420756}.Debug|Any CPU.Build.0 = Debug|Any CPU
		{0412416C-6A41-4C55-B75B-0783D6420756}.Release|Any CPU.ActiveCfg = Release|Any CPU
		{0412416C-6A41-4C55-B75B-0783D6420756}.Release|Any CPU.Build.0 = Release|Any CPU
		{3525D959-42C7-4AFE-9561-4FA613BA7614}.Debug|Any CPU.ActiveCfg = Debug|Any CPU
		{3525D959-42C7-4AFE-9561-4FA613BA7614}.Debug|Any CPU.Build.0 = Debug|Any CPU
		{3525D959-42C7-4AFE-9561-4FA613BA7614}.Release|Any CPU.ActiveCfg = Release|Any CPU
		{3525D959-42C7-4AFE-9561-4FA613BA7614}.Release|Any CPU.Build.0 = Release|Any CPU
		{F828E98E-E47B-40E2-B7F8-87AC9C28EA57}.Debug|Any CPU.ActiveCfg = Debug|Any CPU
		{F828E98E-E47B-40E2-B7F8-87AC9C28EA57}.Debug|Any CPU.Build.0 = Debug|Any CPU
		{F828E98E-E47B-40E2-B7F8-87AC9C28EA57}.Release|Any CPU.ActiveCfg = Release|Any CPU
		{F828E98E-E47B-40E2-B7F8-87AC9C28EA57}.Release|Any CPU.Build.0 = Release|Any CPU
		{BA51D392-1585-4731-9A60-19BFC505598F}.Debug|Any CPU.ActiveCfg = Debug|Any CPU
		{BA51D392-1585-4731-9A60-19BFC505598F}.Debug|Any CPU.Build.0 = Debug|Any CPU
		{BA51D392-1585-4731-9A60-19BFC505598F}.Release|Any CPU.ActiveCfg = Release|Any CPU
		{BA51D392-1585-4731-9A60-19BFC505598F}.Release|Any CPU.Build.0 = Release|Any CPU
		{7C6959AE-0B77-4EE1-A0A7-7C69AE750FC1}.Debug|Any CPU.ActiveCfg = Debug|Any CPU
		{7C6959AE-0B77-4EE1-A0A7-7C69AE750FC1}.Debug|Any CPU.Build.0 = Debug|Any CPU
		{7C6959AE-0B77-4EE1-A0A7-7C69AE750FC1}.Release|Any CPU.ActiveCfg = Release|Any CPU
		{7C6959AE-0B77-4EE1-A0A7-7C69AE750FC1}.Release|Any CPU.Build.0 = Release|Any CPU
		{6AE84EE7-5C1E-4798-8876-51E2680E4BA0}.Debug|Any CPU.ActiveCfg = Debug|Any CPU
		{6AE84EE7-5C1E-4798-8876-51E2680E4BA0}.Debug|Any CPU.Build.0 = Debug|Any CPU
		{6AE84EE7-5C1E-4798-8876-51E2680E4BA0}.Release|Any CPU.ActiveCfg = Release|Any CPU
		{6AE84EE7-5C1E-4798-8876-51E2680E4BA0}.Release|Any CPU.Build.0 = Release|Any CPU
		{4CB1FCE3-21FB-42D4-8A34-739CFBD2A482}.Debug|Any CPU.ActiveCfg = Debug|Any CPU
		{4CB1FCE3-21FB-42D4-8A34-739CFBD2A482}.Debug|Any CPU.Build.0 = Debug|Any CPU
		{4CB1FCE3-21FB-42D4-8A34-739CFBD2A482}.Release|Any CPU.ActiveCfg = Release|Any CPU
		{4CB1FCE3-21FB-42D4-8A34-739CFBD2A482}.Release|Any CPU.Build.0 = Release|Any CPU
	EndGlobalSection
	GlobalSection(SolutionProperties) = preSolution
		HideSolutionNode = FALSE
	EndGlobalSection
	GlobalSection(NestedProjects) = preSolution
		{F828E98E-E47B-40E2-B7F8-87AC9C28EA57} = {7840F9CB-7158-4A75-91E8-0615D946C2BC}
		{BA51D392-1585-4731-9A60-19BFC505598F} = {7840F9CB-7158-4A75-91E8-0615D946C2BC}
		{7C6959AE-0B77-4EE1-A0A7-7C69AE750FC1} = {7840F9CB-7158-4A75-91E8-0615D946C2BC}
	EndGlobalSection
	GlobalSection(ExtensibilityGlobals) = postSolution
		SolutionGuid = {3C217600-D224-4854-9DBB-4A424D2D5E6A}
	EndGlobalSection
EndGlobal
